
Microsoft Visual Studio Solution File, Format Version 12.00
# Visual Studio Version 17
VisualStudioVersion = 17.0.32014.148
MinimumVisualStudioVersion = 10.0.40219.1
Project("{FAE04EC0-301F-11D3-BF4B-00C04F79EFBC}") = "FlatUiUserInterface", "FlatUiUserInterface\FlatUiUserInterface.csproj", "{423FDA48-F9C1-4895-9865-3D030E698A2D}"
EndProject
Global
	GlobalSection(SolutionConfigurationPlatforms) = preSolution
		Debug|Any CPU = Debug|Any CPU
		Release|Any CPU = Release|Any CPU
	EndGlobalSection
	GlobalSection(ProjectConfigurationPlatforms) = postSolution
		{423FDA48-F9C1-4895-9865-3D030E698A2D}.Debug|Any CPU.ActiveCfg = Debug|Any CPU
		{423FDA48-F9C1-4895-9865-3D030E698A2D}.Debug|Any CPU.Build.0 = Debug|Any CPU
		{423FDA48-F9C1-4895-9865-3D030E698A2D}.Release|Any CPU.ActiveCfg = Release|Any CPU
		{423FDA48-F9C1-4895-9865-3D030E698A2D}.Release|Any CPU.Build.0 = Release|Any CPU
	EndGlobalSection
	GlobalSection(SolutionProperties) = preSolution
		HideSolutionNode = FALSE
	EndGlobalSection
	GlobalSection(ExtensibilityGlobals) = postSolution
		SolutionGuid = {D0C1595A-6C32-4987-A437-13D5ADFD668B}
	EndGlobalSection
EndGlobal
